
Microsoft Visual Studio Solution File, Format Version 12.00
# Visual Studio Version 17
VisualStudioVersion = 17.0.31903.59
MinimumVisualStudioVersion = 10.0.40219.1
Project("{FAE04EC0-301F-11D3-BF4B-00C04F79EFBC}") = "robot4-controller-api", "robot4-controller-api.csproj", "{440DCB30-A82A-49FA-8B13-52FB725EDC8E}"
EndProject
Project("{FAE04EC0-301F-11D3-BF4B-00C04F79EFBC}") = "robot4-controller-api.Tests", "robot4-controller-api.Tests\robot4-controller-api.Tests.csproj", "{76A61A0C-8FB9-4597-AF6B-AB281F6FFC85}"
EndProject
Global
	GlobalSection(SolutionConfigurationPlatforms) = preSolution
		Debug|Any CPU = Debug|Any CPU
		Release|Any CPU = Release|Any CPU
	EndGlobalSection
	GlobalSection(SolutionProperties) = preSolution
		HideSolutionNode = FALSE
	EndGlobalSection
	GlobalSection(ProjectConfigurationPlatforms) = postSolution
		{440DCB30-A82A-49FA-8B13-52FB725EDC8E}.Debug|Any CPU.ActiveCfg = Debug|Any CPU
		{440DCB30-A82A-49FA-8B13-52FB725EDC8E}.Debug|Any CPU.Build.0 = Debug|Any CPU
		{440DCB30-A82A-49FA-8B13-52FB725EDC8E}.Release|Any CPU.ActiveCfg = Release|Any CPU
		{440DCB30-A82A-49FA-8B13-52FB725EDC8E}.Release|Any CPU.Build.0 = Release|Any CPU
		{76A61A0C-8FB9-4597-AF6B-AB281F6FFC85}.Debug|Any CPU.ActiveCfg = Debug|Any CPU
		{76A61A0C-8FB9-4597-AF6B-AB281F6FFC85}.Debug|Any CPU.Build.0 = Debug|Any CPU
		{76A61A0C-8FB9-4597-AF6B-AB281F6FFC85}.Release|Any CPU.ActiveCfg = Release|Any CPU
		{76A61A0C-8FB9-4597-AF6B-AB281F6FFC85}.Release|Any CPU.Build.0 = Release|Any CPU
	EndGlobalSection
EndGlobal
